
Microsoft Visual Studio Solution File, Format Version 12.00
# Visual Studio Version 17
VisualStudioVersion = 17.14.36414.22
MinimumVisualStudioVersion = 10.0.40219.1
Project("{FAE04EC0-301F-11D3-BF4B-00C04F79EFBC}") = "LibraryManagementSystem.API", "LibraryManagementSystem.API.csproj", "{6AED2590-806E-45E5-9EBB-24D2E7C8FE77}"
EndProject
Project("{FAE04EC0-301F-11D3-BF4B-00C04F79EFBC}") = "LibraryManagementSystem.DAL", "..\LibraryManagementSystem.DAL\LibraryManagementSystem.DAL.csproj", "{83E67D26-CF38-4717-9E98-FC31D21445CC}"
EndProject
Project("{FAE04EC0-301F-11D3-BF4B-00C04F79EFBC}") = "LibraryManagementSystem.BLL", "..\LibraryManagementSystem.BLL\LibraryManagementSystem.BLL.csproj", "{B4A4EE29-8EC9-4DC0-99FF-F20CCFD156FA}"
EndProject
Project("{FAE04EC0-301F-11D3-BF4B-00C04F79EFBC}") = "LibraryManagementSystem.DTOs", "..\LibraryManagementSystem.DTOs\LibraryManagementSystem.DTOs.csproj", "{78784661-CDFC-4D4F-9C88-D8735AE31C23}"
EndProject
Global
	GlobalSection(SolutionConfigurationPlatforms) = preSolution
		Debug|Any CPU = Debug|Any CPU
		Release|Any CPU = Release|Any CPU
	EndGlobalSection
	GlobalSection(ProjectConfigurationPlatforms) = postSolution
		{6AED2590-806E-45E5-9EBB-24D2E7C8FE77}.Debug|Any CPU.ActiveCfg = Debug|Any CPU
		{6AED2590-806E-45E5-9EBB-24D2E7C8FE77}.Debug|Any CPU.Build.0 = Debug|Any CPU
		{6AED2590-806E-45E5-9EBB-24D2E7C8FE77}.Release|Any CPU.ActiveCfg = Release|Any CPU
		{6AED2590-806E-45E5-9EBB-24D2E7C8FE77}.Release|Any CPU.Build.0 = Release|Any CPU
		{83E67D26-CF38-4717-9E98-FC31D21445CC}.Debug|Any CPU.ActiveCfg = Debug|Any CPU
		{83E67D26-CF38-4717-9E98-FC31D21445CC}.Debug|Any CPU.Build.0 = Debug|Any CPU
		{83E67D26-CF38-4717-9E98-FC31D21445CC}.Release|Any CPU.ActiveCfg = Release|Any CPU
		{83E67D26-CF38-4717-9E98-FC31D21445CC}.Release|Any CPU.Build.0 = Release|Any CPU
		{B4A4EE29-8EC9-4DC0-99FF-F20CCFD156FA}.Debug|Any CPU.ActiveCfg = Debug|Any CPU
		{B4A4EE29-8EC9-4DC0-99FF-F20CCFD156FA}.Debug|Any CPU.Build.0 = Debug|Any CPU
		{B4A4EE29-8EC9-4DC0-99FF-F20CCFD156FA}.Release|Any CPU.ActiveCfg = Release|Any CPU
		{B4A4EE29-8EC9-4DC0-99FF-F20CCFD156FA}.Release|Any CPU.Build.0 = Release|Any CPU
		{78784661-CDFC-4D4F-9C88-D8735AE31C23}.Debug|Any CPU.ActiveCfg = Debug|Any CPU
		{78784661-CDFC-4D4F-9C88-D8735AE31C23}.Debug|Any CPU.Build.0 = Debug|Any CPU
		{78784661-CDFC-4D4F-9C88-D8735AE31C23}.Release|Any CPU.ActiveCfg = Release|Any CPU
		{78784661-CDFC-4D4F-9C88-D8735AE31C23}.Release|Any CPU.Build.0 = Release|Any CPU
	EndGlobalSection
	GlobalSection(SolutionProperties) = preSolution
		HideSolutionNode = FALSE
	EndGlobalSection
	GlobalSection(ExtensibilityGlobals) = postSolution
		SolutionGuid = {F2926F7E-0496-4AE1-A16C-23BFD3B8345D}
	EndGlobalSection
EndGlobal
